# THIS IS AN AUTOGENERATED FILE. DO NOT EDIT THIS FILE DIRECTLY.
# yarn lockfile v1


"@types/lodash@^4.14.113":
  version "4.14.118"
  resolved "http://registry.npm.taobao.org/@types/lodash/download/@types/lodash-4.14.118.tgz#247bab39bfcc6d910d4927c6e06cbc70ec376f27"
  integrity sha1-JHurOb/MbZENSSfG4Gy8cOw3byc=

"@types/node@^10.12.3":
  version "10.12.3"
  resolved "http://registry.npm.taobao.org/@types/node/download/@types/node-10.12.3.tgz#3918b73ceed484e58367be5acb79d1775239e393"
  integrity sha1-ORi3PO7UhOWDZ75ay3nRd1I545M=

funts@^1.1.0:
  version "1.2.1"
  resolved "http://registry.npm.taobao.org/funts/download/funts-1.2.1.tgz#2184aa0357dc483a18f50fc8970b0b24b58d40fc"
  integrity sha1-IYSqA1fcSDoY9Q/IlwsLJLWNQPw=

lodash@^4.17.10:
  version "4.17.11"
  resolved "http://registry.npm.taobao.org/lodash/download/lodash-4.17.11.tgz#b39ea6229ef607ecd89e2c8df12536891cac9b8d"
  integrity sha1-s56mIp72B+zYniyN8SU2iRysm40=

tsmisc@^1.7.1:
  version "1.7.1"
  resolved "http://registry.npm.taobao.org/tsmisc/download/tsmisc-1.7.1.tgz#0df016000769bf08abcd2778cd78d9747ebdb0a5"
  integrity sha1-DfAWAAdpvwirzSd4zXjZdH69sKU=
  dependencies:
    "@types/lodash" "^4.14.113"
    funts "^1.1.0"
    lodash "^4.17.10"

"typescript@>= 3.0.0":
  version "3.1.6"
  resolved "http://registry.npm.taobao.org/typescript/download/typescript-3.1.6.tgz#b6543a83cfc8c2befb3f4c8fba6896f5b0c9be68"
  integrity sha1-tlQ6g8/Iwr77P0yPumiW9bDJvmg=
